
Microsoft Visual Studio Solution File, Format Version 12.00
# Visual Studio Version 17
VisualStudioVersion = 17.2.32630.192
MinimumVisualStudioVersion = 10.0.40219.1
Project("{FAE04EC0-301F-11D3-BF4B-00C04F79EFBC}") = "MeterReadingsTask", "MeterReadingsTask\MeterReadingsTask.csproj", "{C6DDD88E-B9C7-4E41-9524-AB4B2FDF7EF4}"
EndProject
Project("{FAE04EC0-301F-11D3-BF4B-00C04F79EFBC}") = "MeterReadingsTestProject", "MeterReadingsTestProject\MeterReadingsTestProject.csproj", "{8523F767-CA7B-48BE-BCCC-F9792B4A23BA}"
EndProject
Global
	GlobalSection(SolutionConfigurationPlatforms) = preSolution
		Debug|Any CPU = Debug|Any CPU
		Release|Any CPU = Release|Any CPU
	EndGlobalSection
	GlobalSection(ProjectConfigurationPlatforms) = postSolution
		{C6DDD88E-B9C7-4E41-9524-AB4B2FDF7EF4}.Debug|Any CPU.ActiveCfg = Debug|Any CPU
		{C6DDD88E-B9C7-4E41-9524-AB4B2FDF7EF4}.Debug|Any CPU.Build.0 = Debug|Any CPU
		{C6DDD88E-B9C7-4E41-9524-AB4B2FDF7EF4}.Release|Any CPU.ActiveCfg = Release|Any CPU
		{C6DDD88E-B9C7-4E41-9524-AB4B2FDF7EF4}.Release|Any CPU.Build.0 = Release|Any CPU
		{8523F767-CA7B-48BE-BCCC-F9792B4A23BA}.Debug|Any CPU.ActiveCfg = Debug|Any CPU
		{8523F767-CA7B-48BE-BCCC-F9792B4A23BA}.Debug|Any CPU.Build.0 = Debug|Any CPU
		{8523F767-CA7B-48BE-BCCC-F9792B4A23BA}.Release|Any CPU.ActiveCfg = Release|Any CPU
		{8523F767-CA7B-48BE-BCCC-F9792B4A23BA}.Release|Any CPU.Build.0 = Release|Any CPU
	EndGlobalSection
	GlobalSection(SolutionProperties) = preSolution
		HideSolutionNode = FALSE
	EndGlobalSection
	GlobalSection(ExtensibilityGlobals) = postSolution
		SolutionGuid = {B4F64862-81B7-4DE8-BBAB-EAA92BA45831}
	EndGlobalSection
EndGlobal
